{
  "name": "@oppnys/package",
  "version": "npm:@oppnys/package@1.0.0",
  "lockfileVersion": 2,
  "requires": true,
  "packages": {
    "": {
      "name": "@oppnys/package",
      "version": "1.0.0",
      "license": "ISC",
      "dependencies": {
        "@oppnys/utils": "file:../../utils/utils"
      }
    },
    "../../utils/utils": {
      "version": "1.0.4",
      "license": "ISC"
    },
    "node_modules/@oppnys/utils": {
      "resolved": "../../utils/utils",
      "link": true
    }
  },
  "dependencies": {
    "@oppnys/utils": {
      "version": "file:../../utils/utils"
    }
  }
}
