{
  "name": "@oppnys/exec",
  "version": "1.0.0",
  "lockfileVersion": 2,
  "requires": true,
  "packages": {
    "": {
      "name": "@oppnys/exec",
      "version": "1.0.0",
      "license": "ISC",
      "dependencies": {
        "@oppnys/log": "file:../../utils/log",
        "@oppnys/package": "file:../../models/package"
      }
    },
    "../../models/package": {
      "name": "@oppnys/package",
      "version": "1.0.0",
      "license": "ISC"
    },
    "../../utils/log": {
      "version": "1.0.4",
      "license": "ISC",
      "dependencies": {
        "npmlog": "^4.1.2"
      }
    },
    "node_modules/@oppnys/log": {
      "resolved": "../../utils/log",
      "link": true
    },
    "node_modules/@oppnys/package": {
      "resolved": "../../models/package",
      "link": true
    }
  },
  "dependencies": {
    "@oppnys/log": {
      "version": "file:../../utils/log",
      "requires": {
        "npmlog": "^4.1.2"
      }
    },
    "@oppnys/package": {
      "version": "file:../../models/package"
    }
  }
}
